
Microsoft Visual Studio Solution File, Format Version 12.00
# Visual Studio 15
VisualStudioVersion = 15.0.27703.2018
MinimumVisualStudioVersion = 10.0.40219.1
Project("{FAE04EC0-301F-11D3-BF4B-00C04F79EFBC}") = "Case1", "Case1\Case1.csproj", "{7188B815-4C29-4CDC-AE58-812C47C16A55}"
EndProject
Project("{FAE04EC0-301F-11D3-BF4B-00C04F79EFBC}") = "Case2", "Case2\Case2.csproj", "{5D8DA8D5-AD30-4179-80B1-CA2F4E722220}"
EndProject
Project("{FAE04EC0-301F-11D3-BF4B-00C04F79EFBC}") = "Case3", "Case3\Case3.csproj", "{8EED7381-EF99-4439-BED5-FBD00230361C}"
EndProject
Global
	GlobalSection(SolutionConfigurationPlatforms) = preSolution
		Debug|Any CPU = Debug|Any CPU
		Release|Any CPU = Release|Any CPU
	EndGlobalSection
	GlobalSection(ProjectConfigurationPlatforms) = postSolution
		{7188B815-4C29-4CDC-AE58-812C47C16A55}.Debug|Any CPU.ActiveCfg = Debug|Any CPU
		{7188B815-4C29-4CDC-AE58-812C47C16A55}.Debug|Any CPU.Build.0 = Debug|Any CPU
		{7188B815-4C29-4CDC-AE58-812C47C16A55}.Release|Any CPU.ActiveCfg = Release|Any CPU
		{7188B815-4C29-4CDC-AE58-812C47C16A55}.Release|Any CPU.Build.0 = Release|Any CPU
		{5D8DA8D5-AD30-4179-80B1-CA2F4E722220}.Debug|Any CPU.ActiveCfg = Debug|Any CPU
		{5D8DA8D5-AD30-4179-80B1-CA2F4E722220}.Debug|Any CPU.Build.0 = Debug|Any CPU
		{5D8DA8D5-AD30-4179-80B1-CA2F4E722220}.Release|Any CPU.ActiveCfg = Release|Any CPU
		{5D8DA8D5-AD30-4179-80B1-CA2F4E722220}.Release|Any CPU.Build.0 = Release|Any CPU
		{8EED7381-EF99-4439-BED5-FBD00230361C}.Debug|Any CPU.ActiveCfg = Debug|Any CPU
		{8EED7381-EF99-4439-BED5-FBD00230361C}.Debug|Any CPU.Build.0 = Debug|Any CPU
		{8EED7381-EF99-4439-BED5-FBD00230361C}.Release|Any CPU.ActiveCfg = Release|Any CPU
		{8EED7381-EF99-4439-BED5-FBD00230361C}.Release|Any CPU.Build.0 = Release|Any CPU
	EndGlobalSection
	GlobalSection(SolutionProperties) = preSolution
		HideSolutionNode = FALSE
	EndGlobalSection
	GlobalSection(ExtensibilityGlobals) = postSolution
		SolutionGuid = {5E24349B-380D-44C4-AFD8-E2882F22C949}
	EndGlobalSection
EndGlobal
