
Microsoft Visual Studio Solution File, Format Version 12.00
# Visual Studio 15
VisualStudioVersion = 15.0.27703.2018
MinimumVisualStudioVersion = 10.0.40219.1
Project("{FAE04EC0-301F-11D3-BF4B-00C04F79EFBC}") = "Case1", "Case1\Case1.csproj", "{7188B815-4C29-4CDC-AE58-812C47C16A55}"
EndProject
Project("{FAE04EC0-301F-11D3-BF4B-00C04F79EFBC}") = "Case2", "Case2\Case2.csproj", "{5D8DA8D5-AD30-4179-80B1-CA2F4E722220}"
EndProject
Project("{FAE04EC0-301F-11D3-BF4B-00C04F79EFBC}") = "Case3", "Case3\Case3.csproj", "{8EED7381-EF99-4439-BED5-FBD00230361C}"
EndProject
Project("{FAE04EC0-301F-11D3-BF4B-00C04F79EFBC}") = "Case4", "Case4\Case4.csproj", "{DE0B169C-E93F-4E3D-AB80-108CB6189610}"
EndProject
Project("{FAE04EC0-301F-11D3-BF4B-00C04F79EFBC}") = "DlpuManager.Service", "DlpuManager.Service\DlpuManager.Service.csproj", "{0D56C6AE-FFD8-4392-9F17-591CEFECD7F1}"
EndProject
Project("{2150E333-8FDC-42A3-9474-1A3956D46DE8}") = "Console - 成员管理系统", "Console - 成员管理系统", "{16DDB679-2084-43F5-B381-B5E437CD79F3}"
EndProject
Project("{2150E333-8FDC-42A3-9474-1A3956D46DE8}") = "WinForm - 成员管理系统", "WinForm - 成员管理系统", "{F8EC7026-6108-4399-BBEC-14CB3F26227B}"
EndProject
Project("{2150E333-8FDC-42A3-9474-1A3956D46DE8}") = "中间层 - 成员管理系统", "中间层 - 成员管理系统", "{A7C0571F-C2A6-4DF9-9051-1F56F2E6B35B}"
EndProject
Project("{2150E333-8FDC-42A3-9474-1A3956D46DE8}") = "面向对象(2) 手表", "面向对象(2) 手表", "{0C703A92-217A-4B10-8484-83736608171A}"
EndProject
Project("{2150E333-8FDC-42A3-9474-1A3956D46DE8}") = "面向对象(1) 数字加法", "面向对象(1) 数字加法", "{A5094AB9-236A-44AC-B1F3-B4285D5B63C2}"
EndProject
Project("{2150E333-8FDC-42A3-9474-1A3956D46DE8}") = "成员管理系统", "成员管理系统", "{15C8ABFD-1F9E-4EAE-982B-3A419E0FCF3A}"
EndProject
Global
	GlobalSection(SolutionConfigurationPlatforms) = preSolution
		Debug|Any CPU = Debug|Any CPU
		Release|Any CPU = Release|Any CPU
	EndGlobalSection
	GlobalSection(ProjectConfigurationPlatforms) = postSolution
		{7188B815-4C29-4CDC-AE58-812C47C16A55}.Debug|Any CPU.ActiveCfg = Debug|Any CPU
		{7188B815-4C29-4CDC-AE58-812C47C16A55}.Debug|Any CPU.Build.0 = Debug|Any CPU
		{7188B815-4C29-4CDC-AE58-812C47C16A55}.Release|Any CPU.ActiveCfg = Release|Any CPU
		{7188B815-4C29-4CDC-AE58-812C47C16A55}.Release|Any CPU.Build.0 = Release|Any CPU
		{5D8DA8D5-AD30-4179-80B1-CA2F4E722220}.Debug|Any CPU.ActiveCfg = Debug|Any CPU
		{5D8DA8D5-AD30-4179-80B1-CA2F4E722220}.Debug|Any CPU.Build.0 = Debug|Any CPU
		{5D8DA8D5-AD30-4179-80B1-CA2F4E722220}.Release|Any CPU.ActiveCfg = Release|Any CPU
		{5D8DA8D5-AD30-4179-80B1-CA2F4E722220}.Release|Any CPU.Build.0 = Release|Any CPU
		{8EED7381-EF99-4439-BED5-FBD00230361C}.Debug|Any CPU.ActiveCfg = Debug|Any CPU
		{8EED7381-EF99-4439-BED5-FBD00230361C}.Debug|Any CPU.Build.0 = Debug|Any CPU
		{8EED7381-EF99-4439-BED5-FBD00230361C}.Release|Any CPU.ActiveCfg = Release|Any CPU
		{8EED7381-EF99-4439-BED5-FBD00230361C}.Release|Any CPU.Build.0 = Release|Any CPU
		{DE0B169C-E93F-4E3D-AB80-108CB6189610}.Debug|Any CPU.ActiveCfg = Debug|Any CPU
		{DE0B169C-E93F-4E3D-AB80-108CB6189610}.Debug|Any CPU.Build.0 = Debug|Any CPU
		{DE0B169C-E93F-4E3D-AB80-108CB6189610}.Release|Any CPU.ActiveCfg = Release|Any CPU
		{DE0B169C-E93F-4E3D-AB80-108CB6189610}.Release|Any CPU.Build.0 = Release|Any CPU
		{0D56C6AE-FFD8-4392-9F17-591CEFECD7F1}.Debug|Any CPU.ActiveCfg = Debug|Any CPU
		{0D56C6AE-FFD8-4392-9F17-591CEFECD7F1}.Debug|Any CPU.Build.0 = Debug|Any CPU
		{0D56C6AE-FFD8-4392-9F17-591CEFECD7F1}.Release|Any CPU.ActiveCfg = Release|Any CPU
		{0D56C6AE-FFD8-4392-9F17-591CEFECD7F1}.Release|Any CPU.Build.0 = Release|Any CPU
	EndGlobalSection
	GlobalSection(SolutionProperties) = preSolution
		HideSolutionNode = FALSE
	EndGlobalSection
	GlobalSection(NestedProjects) = preSolution
		{7188B815-4C29-4CDC-AE58-812C47C16A55} = {A5094AB9-236A-44AC-B1F3-B4285D5B63C2}
		{5D8DA8D5-AD30-4179-80B1-CA2F4E722220} = {16DDB679-2084-43F5-B381-B5E437CD79F3}
		{8EED7381-EF99-4439-BED5-FBD00230361C} = {0C703A92-217A-4B10-8484-83736608171A}
		{DE0B169C-E93F-4E3D-AB80-108CB6189610} = {F8EC7026-6108-4399-BBEC-14CB3F26227B}
		{0D56C6AE-FFD8-4392-9F17-591CEFECD7F1} = {A7C0571F-C2A6-4DF9-9051-1F56F2E6B35B}
		{16DDB679-2084-43F5-B381-B5E437CD79F3} = {15C8ABFD-1F9E-4EAE-982B-3A419E0FCF3A}
		{F8EC7026-6108-4399-BBEC-14CB3F26227B} = {15C8ABFD-1F9E-4EAE-982B-3A419E0FCF3A}
		{A7C0571F-C2A6-4DF9-9051-1F56F2E6B35B} = {15C8ABFD-1F9E-4EAE-982B-3A419E0FCF3A}
	EndGlobalSection
	GlobalSection(ExtensibilityGlobals) = postSolution
		SolutionGuid = {5E24349B-380D-44C4-AFD8-E2882F22C949}
	EndGlobalSection
EndGlobal
