
Microsoft Visual Studio Solution File, Format Version 12.00
# Visual Studio 15
VisualStudioVersion = 15.0.27703.2018
MinimumVisualStudioVersion = 10.0.40219.1
Project("{FAE04EC0-301F-11D3-BF4B-00C04F79EFBC}") = "Case1", "Case1\Case1.csproj", "{7188B815-4C29-4CDC-AE58-812C47C16A55}"
EndProject
Project("{FAE04EC0-301F-11D3-BF4B-00C04F79EFBC}") = "Case2", "Case2\Case2.csproj", "{5D8DA8D5-AD30-4179-80B1-CA2F4E722220}"
EndProject
Project("{FAE04EC0-301F-11D3-BF4B-00C04F79EFBC}") = "Case3", "Case3\Case3.csproj", "{8EED7381-EF99-4439-BED5-FBD00230361C}"
EndProject
Project("{FAE04EC0-301F-11D3-BF4B-00C04F79EFBC}") = "Case4", "Case4\Case4.csproj", "{DE0B169C-E93F-4E3D-AB80-108CB6189610}"
EndProject
Project("{FAE04EC0-301F-11D3-BF4B-00C04F79EFBC}") = "DlpuManager.Service", "DlpuManager.Service\DlpuManager.Service.csproj", "{0D56C6AE-FFD8-4392-9F17-591CEFECD7F1}"
EndProject
Project("{2150E333-8FDC-42A3-9474-1A3956D46DE8}") = "Console - 成员管理系统", "Console - 成员管理系统", "{16DDB679-2084-43F5-B381-B5E437CD79F3}"
EndProject
Project("{2150E333-8FDC-42A3-9474-1A3956D46DE8}") = "WinForm - 成员管理系统", "WinForm - 成员管理系统", "{F8EC7026-6108-4399-BBEC-14CB3F26227B}"
EndProject
Project("{2150E333-8FDC-42A3-9474-1A3956D46DE8}") = "中间层 - 成员管理系统", "中间层 - 成员管理系统", "{A7C0571F-C2A6-4DF9-9051-1F56F2E6B35B}"
EndProject
Project("{2150E333-8FDC-42A3-9474-1A3956D46DE8}") = "2 面向对象(2) 手表", "2 面向对象(2) 手表", "{0C703A92-217A-4B10-8484-83736608171A}"
EndProject
Project("{2150E333-8FDC-42A3-9474-1A3956D46DE8}") = "1 面向对象(1) 数字加法", "1 面向对象(1) 数字加法", "{A5094AB9-236A-44AC-B1F3-B4285D5B63C2}"
EndProject
Project("{2150E333-8FDC-42A3-9474-1A3956D46DE8}") = "3 成员管理系统", "3 成员管理系统", "{15C8ABFD-1F9E-4EAE-982B-3A419E0FCF3A}"
EndProject
Project("{2150E333-8FDC-42A3-9474-1A3956D46DE8}") = "4 WinForm 控件学习", "4 WinForm 控件学习", "{4F48A4D7-9AEF-48E2-AC50-C786A510ADB4}"
EndProject
Project("{2150E333-8FDC-42A3-9474-1A3956D46DE8}") = "1 浏览器 Browser", "1 浏览器 Browser", "{AE0755A2-8B04-468B-B5CA-240298ABDCEF}"
EndProject
Project("{2150E333-8FDC-42A3-9474-1A3956D46DE8}") = "2 记事本 TextBox", "2 记事本 TextBox", "{D4A5AA02-BACF-4644-958F-D369D2598AA9}"
EndProject
Project("{2150E333-8FDC-42A3-9474-1A3956D46DE8}") = "3 图片浏览器 PictureBox", "3 图片浏览器 PictureBox", "{7DFB820E-B739-438A-B1CB-D453F7F741F5}"
EndProject
Project("{FAE04EC0-301F-11D3-BF4B-00C04F79EFBC}") = "MyBrowser", "MyBrowser\MyBrowser.csproj", "{9B534C6D-0C81-4AE8-B340-7489850D4C80}"
EndProject
Project("{FAE04EC0-301F-11D3-BF4B-00C04F79EFBC}") = "MyNotepad", "MyNotepad\MyNotepad.csproj", "{4B904C91-C1D4-4A07-AE45-B193F7534A7D}"
EndProject
Project("{FAE04EC0-301F-11D3-BF4B-00C04F79EFBC}") = "MyPictureViewer", "MyPictureViewer\MyPictureViewer.csproj", "{C4053B97-00AB-442C-B6D9-9ACBF9C332C6}"
EndProject
Project("{2150E333-8FDC-42A3-9474-1A3956D46DE8}") = "5 单例模式", "5 单例模式", "{A1E53746-DC01-4D52-8B9B-7FCCB394578C}"
EndProject
Project("{FAE04EC0-301F-11D3-BF4B-00C04F79EFBC}") = "Singleton", "Singleton\Singleton.csproj", "{667D60BB-8E95-4BE7-94B4-E31148C4730E}"
EndProject
Global
	GlobalSection(SolutionConfigurationPlatforms) = preSolution
		Debug|Any CPU = Debug|Any CPU
		Release|Any CPU = Release|Any CPU
	EndGlobalSection
	GlobalSection(ProjectConfigurationPlatforms) = postSolution
		{7188B815-4C29-4CDC-AE58-812C47C16A55}.Debug|Any CPU.ActiveCfg = Debug|Any CPU
		{7188B815-4C29-4CDC-AE58-812C47C16A55}.Debug|Any CPU.Build.0 = Debug|Any CPU
		{7188B815-4C29-4CDC-AE58-812C47C16A55}.Release|Any CPU.ActiveCfg = Release|Any CPU
		{7188B815-4C29-4CDC-AE58-812C47C16A55}.Release|Any CPU.Build.0 = Release|Any CPU
		{5D8DA8D5-AD30-4179-80B1-CA2F4E722220}.Debug|Any CPU.ActiveCfg = Debug|Any CPU
		{5D8DA8D5-AD30-4179-80B1-CA2F4E722220}.Debug|Any CPU.Build.0 = Debug|Any CPU
		{5D8DA8D5-AD30-4179-80B1-CA2F4E722220}.Release|Any CPU.ActiveCfg = Release|Any CPU
		{5D8DA8D5-AD30-4179-80B1-CA2F4E722220}.Release|Any CPU.Build.0 = Release|Any CPU
		{8EED7381-EF99-4439-BED5-FBD00230361C}.Debug|Any CPU.ActiveCfg = Debug|Any CPU
		{8EED7381-EF99-4439-BED5-FBD00230361C}.Debug|Any CPU.Build.0 = Debug|Any CPU
		{8EED7381-EF99-4439-BED5-FBD00230361C}.Release|Any CPU.ActiveCfg = Release|Any CPU
		{8EED7381-EF99-4439-BED5-FBD00230361C}.Release|Any CPU.Build.0 = Release|Any CPU
		{DE0B169C-E93F-4E3D-AB80-108CB6189610}.Debug|Any CPU.ActiveCfg = Debug|Any CPU
		{DE0B169C-E93F-4E3D-AB80-108CB6189610}.Debug|Any CPU.Build.0 = Debug|Any CPU
		{DE0B169C-E93F-4E3D-AB80-108CB6189610}.Release|Any CPU.ActiveCfg = Release|Any CPU
		{DE0B169C-E93F-4E3D-AB80-108CB6189610}.Release|Any CPU.Build.0 = Release|Any CPU
		{0D56C6AE-FFD8-4392-9F17-591CEFECD7F1}.Debug|Any CPU.ActiveCfg = Debug|Any CPU
		{0D56C6AE-FFD8-4392-9F17-591CEFECD7F1}.Debug|Any CPU.Build.0 = Debug|Any CPU
		{0D56C6AE-FFD8-4392-9F17-591CEFECD7F1}.Release|Any CPU.ActiveCfg = Release|Any CPU
		{0D56C6AE-FFD8-4392-9F17-591CEFECD7F1}.Release|Any CPU.Build.0 = Release|Any CPU
		{9B534C6D-0C81-4AE8-B340-7489850D4C80}.Debug|Any CPU.ActiveCfg = Debug|Any CPU
		{9B534C6D-0C81-4AE8-B340-7489850D4C80}.Debug|Any CPU.Build.0 = Debug|Any CPU
		{9B534C6D-0C81-4AE8-B340-7489850D4C80}.Release|Any CPU.ActiveCfg = Release|Any CPU
		{9B534C6D-0C81-4AE8-B340-7489850D4C80}.Release|Any CPU.Build.0 = Release|Any CPU
		{4B904C91-C1D4-4A07-AE45-B193F7534A7D}.Debug|Any CPU.ActiveCfg = Debug|Any CPU
		{4B904C91-C1D4-4A07-AE45-B193F7534A7D}.Debug|Any CPU.Build.0 = Debug|Any CPU
		{4B904C91-C1D4-4A07-AE45-B193F7534A7D}.Release|Any CPU.ActiveCfg = Release|Any CPU
		{4B904C91-C1D4-4A07-AE45-B193F7534A7D}.Release|Any CPU.Build.0 = Release|Any CPU
		{C4053B97-00AB-442C-B6D9-9ACBF9C332C6}.Debug|Any CPU.ActiveCfg = Debug|Any CPU
		{C4053B97-00AB-442C-B6D9-9ACBF9C332C6}.Debug|Any CPU.Build.0 = Debug|Any CPU
		{C4053B97-00AB-442C-B6D9-9ACBF9C332C6}.Release|Any CPU.ActiveCfg = Release|Any CPU
		{C4053B97-00AB-442C-B6D9-9ACBF9C332C6}.Release|Any CPU.Build.0 = Release|Any CPU
		{667D60BB-8E95-4BE7-94B4-E31148C4730E}.Debug|Any CPU.ActiveCfg = Debug|Any CPU
		{667D60BB-8E95-4BE7-94B4-E31148C4730E}.Debug|Any CPU.Build.0 = Debug|Any CPU
		{667D60BB-8E95-4BE7-94B4-E31148C4730E}.Release|Any CPU.ActiveCfg = Release|Any CPU
		{667D60BB-8E95-4BE7-94B4-E31148C4730E}.Release|Any CPU.Build.0 = Release|Any CPU
	EndGlobalSection
	GlobalSection(SolutionProperties) = preSolution
		HideSolutionNode = FALSE
	EndGlobalSection
	GlobalSection(NestedProjects) = preSolution
		{7188B815-4C29-4CDC-AE58-812C47C16A55} = {A5094AB9-236A-44AC-B1F3-B4285D5B63C2}
		{5D8DA8D5-AD30-4179-80B1-CA2F4E722220} = {16DDB679-2084-43F5-B381-B5E437CD79F3}
		{8EED7381-EF99-4439-BED5-FBD00230361C} = {0C703A92-217A-4B10-8484-83736608171A}
		{DE0B169C-E93F-4E3D-AB80-108CB6189610} = {F8EC7026-6108-4399-BBEC-14CB3F26227B}
		{0D56C6AE-FFD8-4392-9F17-591CEFECD7F1} = {A7C0571F-C2A6-4DF9-9051-1F56F2E6B35B}
		{16DDB679-2084-43F5-B381-B5E437CD79F3} = {15C8ABFD-1F9E-4EAE-982B-3A419E0FCF3A}
		{F8EC7026-6108-4399-BBEC-14CB3F26227B} = {15C8ABFD-1F9E-4EAE-982B-3A419E0FCF3A}
		{A7C0571F-C2A6-4DF9-9051-1F56F2E6B35B} = {15C8ABFD-1F9E-4EAE-982B-3A419E0FCF3A}
		{AE0755A2-8B04-468B-B5CA-240298ABDCEF} = {4F48A4D7-9AEF-48E2-AC50-C786A510ADB4}
		{D4A5AA02-BACF-4644-958F-D369D2598AA9} = {4F48A4D7-9AEF-48E2-AC50-C786A510ADB4}
		{7DFB820E-B739-438A-B1CB-D453F7F741F5} = {4F48A4D7-9AEF-48E2-AC50-C786A510ADB4}
		{9B534C6D-0C81-4AE8-B340-7489850D4C80} = {AE0755A2-8B04-468B-B5CA-240298ABDCEF}
		{4B904C91-C1D4-4A07-AE45-B193F7534A7D} = {D4A5AA02-BACF-4644-958F-D369D2598AA9}
		{C4053B97-00AB-442C-B6D9-9ACBF9C332C6} = {7DFB820E-B739-438A-B1CB-D453F7F741F5}
		{667D60BB-8E95-4BE7-94B4-E31148C4730E} = {A1E53746-DC01-4D52-8B9B-7FCCB394578C}
	EndGlobalSection
	GlobalSection(ExtensibilityGlobals) = postSolution
		SolutionGuid = {5E24349B-380D-44C4-AFD8-E2882F22C949}
	EndGlobalSection
EndGlobal
